
Microsoft Visual Studio Solution File, Format Version 12.00
# Visual Studio Version 16
VisualStudioVersion = 16.0.29519.87
MinimumVisualStudioVersion = 10.0.40219.1
Project("{9A19103F-16F7-4668-BE54-9A1E7A4F7556}") = "Lora_Core", "Lora\Lora_Core.csproj", "{D4A0234D-2A36-4645-A2CC-A8B43E936419}"
EndProject
Project("{9A19103F-16F7-4668-BE54-9A1E7A4F7556}") = "Utils_Core", "..\Utils\Utils\Utils\Utils_Core.csproj", "{CC19877D-B68D-4691-A743-35CD497E7488}"
EndProject
Project("{9A19103F-16F7-4668-BE54-9A1E7A4F7556}") = "litjson_Core", "..\Librarys\litjson\litjson\litjson_Core.csproj", "{568B4AF1-AE75-434C-A61B-FCFAD8F13A86}"
EndProject
Project("{9A19103F-16F7-4668-BE54-9A1E7A4F7556}") = "Iot-Interfaces_Core", "..\Utils\Iot-Interfaces\Iot-Interfaces\Iot-Interfaces_Core.csproj", "{B31A7D31-7A74-4722-97F0-07A42E23EFBE}"
EndProject
Project("{9A19103F-16F7-4668-BE54-9A1E7A4F7556}") = "Unosquare.RaspberryIO", "..\Librarys\RaspberryIO_26\Unosquare.RaspberryIO\Unosquare.RaspberryIO.csproj", "{E0105513-D243-45CD-9D8F-6A8F3935BBE0}"
EndProject
Project("{9A19103F-16F7-4668-BE54-9A1E7A4F7556}") = "Unosquare.RaspberryIO.Abstractions", "..\Librarys\RaspberryIO_26\Unosquare.RaspberryIO.Abstractions\Unosquare.RaspberryIO.Abstractions.csproj", "{135C15E1-01A4-415E-A638-6C1D0CA3222D}"
EndProject
Project("{9A19103F-16F7-4668-BE54-9A1E7A4F7556}") = "Swan", "..\Librarys\RaspberryIO_26\Swan\Swan.csproj", "{18E31B68-67E5-47DD-96E6-4F80A54FFF2D}"
EndProject
Project("{9A19103F-16F7-4668-BE54-9A1E7A4F7556}") = "Swan.Lite", "..\Librarys\RaspberryIO_26\Swan.Lite\Swan.Lite.csproj", "{4929C808-6DEE-4795-B44B-7B3B7416F947}"
EndProject
Project("{9A19103F-16F7-4668-BE54-9A1E7A4F7556}") = "Unosquare.WiringPi", "..\Librarys\RaspberryIO_26\Unosquare.WiringPi\Unosquare.WiringPi.csproj", "{9F702100-A595-4B7E-AED3-34CAC7C6A489}"
EndProject
Global
	GlobalSection(SolutionConfigurationPlatforms) = preSolution
		Debug|Any CPU = Debug|Any CPU
		Release|Any CPU = Release|Any CPU
	EndGlobalSection
	GlobalSection(ProjectConfigurationPlatforms) = postSolution
		{D4A0234D-2A36-4645-A2CC-A8B43E936419}.Debug|Any CPU.ActiveCfg = Debug|Any CPU
		{D4A0234D-2A36-4645-A2CC-A8B43E936419}.Debug|Any CPU.Build.0 = Debug|Any CPU
		{D4A0234D-2A36-4645-A2CC-A8B43E936419}.Release|Any CPU.ActiveCfg = Release|Any CPU
		{D4A0234D-2A36-4645-A2CC-A8B43E936419}.Release|Any CPU.Build.0 = Release|Any CPU
		{CC19877D-B68D-4691-A743-35CD497E7488}.Debug|Any CPU.ActiveCfg = Debug|Any CPU
		{CC19877D-B68D-4691-A743-35CD497E7488}.Debug|Any CPU.Build.0 = Debug|Any CPU
		{CC19877D-B68D-4691-A743-35CD497E7488}.Release|Any CPU.ActiveCfg = Release|Any CPU
		{CC19877D-B68D-4691-A743-35CD497E7488}.Release|Any CPU.Build.0 = Release|Any CPU
		{568B4AF1-AE75-434C-A61B-FCFAD8F13A86}.Debug|Any CPU.ActiveCfg = Debug|Any CPU
		{568B4AF1-AE75-434C-A61B-FCFAD8F13A86}.Debug|Any CPU.Build.0 = Debug|Any CPU
		{568B4AF1-AE75-434C-A61B-FCFAD8F13A86}.Release|Any CPU.ActiveCfg = Release|Any CPU
		{568B4AF1-AE75-434C-A61B-FCFAD8F13A86}.Release|Any CPU.Build.0 = Release|Any CPU
		{B31A7D31-7A74-4722-97F0-07A42E23EFBE}.Debug|Any CPU.ActiveCfg = Debug|Any CPU
		{B31A7D31-7A74-4722-97F0-07A42E23EFBE}.Debug|Any CPU.Build.0 = Debug|Any CPU
		{B31A7D31-7A74-4722-97F0-07A42E23EFBE}.Release|Any CPU.ActiveCfg = Release|Any CPU
		{B31A7D31-7A74-4722-97F0-07A42E23EFBE}.Release|Any CPU.Build.0 = Release|Any CPU
		{E0105513-D243-45CD-9D8F-6A8F3935BBE0}.Debug|Any CPU.ActiveCfg = Debug|Any CPU
		{E0105513-D243-45CD-9D8F-6A8F3935BBE0}.Debug|Any CPU.Build.0 = Debug|Any CPU
		{E0105513-D243-45CD-9D8F-6A8F3935BBE0}.Release|Any CPU.ActiveCfg = Release|Any CPU
		{E0105513-D243-45CD-9D8F-6A8F3935BBE0}.Release|Any CPU.Build.0 = Release|Any CPU
		{135C15E1-01A4-415E-A638-6C1D0CA3222D}.Debug|Any CPU.ActiveCfg = Debug|Any CPU
		{135C15E1-01A4-415E-A638-6C1D0CA3222D}.Debug|Any CPU.Build.0 = Debug|Any CPU
		{135C15E1-01A4-415E-A638-6C1D0CA3222D}.Release|Any CPU.ActiveCfg = Release|Any CPU
		{135C15E1-01A4-415E-A638-6C1D0CA3222D}.Release|Any CPU.Build.0 = Release|Any CPU
		{18E31B68-67E5-47DD-96E6-4F80A54FFF2D}.Debug|Any CPU.ActiveCfg = Debug|Any CPU
		{18E31B68-67E5-47DD-96E6-4F80A54FFF2D}.Debug|Any CPU.Build.0 = Debug|Any CPU
		{18E31B68-67E5-47DD-96E6-4F80A54FFF2D}.Release|Any CPU.ActiveCfg = Release|Any CPU
		{18E31B68-67E5-47DD-96E6-4F80A54FFF2D}.Release|Any CPU.Build.0 = Release|Any CPU
		{4929C808-6DEE-4795-B44B-7B3B7416F947}.Debug|Any CPU.ActiveCfg = Debug|Any CPU
		{4929C808-6DEE-4795-B44B-7B3B7416F947}.Debug|Any CPU.Build.0 = Debug|Any CPU
		{4929C808-6DEE-4795-B44B-7B3B7416F947}.Release|Any CPU.ActiveCfg = Release|Any CPU
		{4929C808-6DEE-4795-B44B-7B3B7416F947}.Release|Any CPU.Build.0 = Release|Any CPU
		{9F702100-A595-4B7E-AED3-34CAC7C6A489}.Debug|Any CPU.ActiveCfg = Debug|Any CPU
		{9F702100-A595-4B7E-AED3-34CAC7C6A489}.Debug|Any CPU.Build.0 = Debug|Any CPU
		{9F702100-A595-4B7E-AED3-34CAC7C6A489}.Release|Any CPU.ActiveCfg = Release|Any CPU
		{9F702100-A595-4B7E-AED3-34CAC7C6A489}.Release|Any CPU.Build.0 = Release|Any CPU
	EndGlobalSection
	GlobalSection(SolutionProperties) = preSolution
		HideSolutionNode = FALSE
	EndGlobalSection
	GlobalSection(ExtensibilityGlobals) = postSolution
		SolutionGuid = {CE42E13F-4404-4DDD-8650-C3146EA3D5EE}
	EndGlobalSection
EndGlobal
